// !$*UTF8*$!
{
	archiveVersion = 1;
	classes = {
	};
	objectVersion = 52;
	objects = {

/* Begin PBXBuildFile section */
		8329BACD24DBD8A7007820E3 /* Macaw in Frameworks */ = {isa = PBXBuildFile; productRef = 8329BACC24DBD8A7007820E3 /* Macaw */; };
		8329BAD024DBDAF8007820E3 /* SwiftSVG in Frameworks */ = {isa = PBXBuildFile; productRef = 8329BACF24DBDAF8007820E3 /* SwiftSVG */; };
		8329BAD724DBDD17007820E3 /* gambar.jpg in Resources */ = {isa = PBXBuildFile; fileRef = 8329BAD624DBDD17007820E3 /* gambar.jpg */; };
		8329BAD924DBDD25007820E3 /* gambar.svg in Resources */ = {isa = PBXBuildFile; fileRef = 8329BAD824DBDD25007820E3 /* gambar.svg */; };
		836BBCBB24DBCDE2009C59C2 /* image_bundleApp.swift in Sources */ = {isa = PBXBuildFile; fileRef = 836BBCBA24DBCDE2009C59C2 /* image_bundleApp.swift */; };
		836BBCBD24DBCDE2009C59C2 /* ContentView.swift in Sources */ = {isa = PBXBuildFile; fileRef = 836BBCBC24DBCDE2009C59C2 /* ContentView.swift */; };
		836BBCBF24DBCDE3009C59C2 /* Assets.xcassets in Resources */ = {isa = PBXBuildFile; fileRef = 836BBCBE24DBCDE3009C59C2 /* Assets.xcassets */; };
		836BBCC224DBCDE3009C59C2 /* Preview Assets.xcassets in Resources */ = {isa = PBXBuildFile; fileRef = 836BBCC124DBCDE3009C59C2 /* Preview Assets.xcassets */; };
		836BBCD824DBCE43009C59C2 /* SVGImage.swift in Sources */ = {isa = PBXBuildFile; fileRef = 836BBCD724DBCE43009C59C2 /* SVGImage.swift */; };
/* End PBXBuildFile section */

/* Begin PBXFileReference section */
		25FE93F631E5A834C038DA11 /* Pods_image_bundle.framework */ = {isa = PBXFileReference; explicitFileType = wrapper.framework; includeInIndex = 0; path = Pods_image_bundle.framework; sourceTree = BUILT_PRODUCTS_DIR; };
		5C3ACB3D3178DBB903369896 /* Pods-image bundle.debug.xcconfig */ = {isa = PBXFileReference; includeInIndex = 1; lastKnownFileType = text.xcconfig; name = "Pods-image bundle.debug.xcconfig"; path = "Target Support Files/Pods-image bundle/Pods-image bundle.debug.xcconfig"; sourceTree = "<group>"; };
		8329BAD624DBDD17007820E3 /* gambar.jpg */ = {isa = PBXFileReference; lastKnownFileType = image.jpeg; name = gambar.jpg; path = ../../../../../Downloads/gambar.jpg; sourceTree = "<group>"; };
		8329BAD824DBDD25007820E3 /* gambar.svg */ = {isa = PBXFileReference; fileEncoding = 4; lastKnownFileType = text; name = gambar.svg; path = ../../../../../Downloads/gambar.svg; sourceTree = "<group>"; };
		836BBCB724DBCDE2009C59C2 /* image bundle.app */ = {isa = PBXFileReference; explicitFileType = wrapper.application; includeInIndex = 0; path = "image bundle.app"; sourceTree = BUILT_PRODUCTS_DIR; };
		836BBCBA24DBCDE2009C59C2 /* image_bundleApp.swift */ = {isa = PBXFileReference; lastKnownFileType = sourcecode.swift; path = image_bundleApp.swift; sourceTree = "<group>"; };
		836BBCBC24DBCDE2009C59C2 /* ContentView.swift */ = {isa = PBXFileReference; lastKnownFileType = sourcecode.swift; path = ContentView.swift; sourceTree = "<group>"; };
		836BBCBE24DBCDE3009C59C2 /* Assets.xcassets */ = {isa = PBXFileReference; lastKnownFileType = folder.assetcatalog; path = Assets.xcassets; sourceTree = "<group>"; };
		836BBCC124DBCDE3009C59C2 /* Preview Assets.xcassets */ = {isa = PBXFileReference; lastKnownFileType = folder.assetcatalog; path = "Preview Assets.xcassets"; sourceTree = "<group>"; };
		836BBCC324DBCDE3009C59C2 /* Info.plist */ = {isa = PBXFileReference; lastKnownFileType = text.plist.xml; path = Info.plist; sourceTree = "<group>"; };
		836BBCD724DBCE43009C59C2 /* SVGImage.swift */ = {isa = PBXFileReference; fileEncoding = 4; lastKnownFileType = sourcecode.swift; name = SVGImage.swift; path = "../../App Dynamic Image/App Dynamic Image/SVGImage.swift"; sourceTree = "<group>"; };
		C31738B78A31F1FA06DECFDB /* Pods-image bundle.release.xcconfig */ = {isa = PBXFileReference; includeInIndex = 1; lastKnownFileType = text.xcconfig; name = "Pods-image bundle.release.xcconfig"; path = "Target Support Files/Pods-image bundle/Pods-image bundle.release.xcconfig"; sourceTree = "<group>"; };
/* End PBXFileReference section */

/* Begin PBXFrameworksBuildPhase section */
		836BBCB424DBCDE2009C59C2 /* Frameworks */ = {
			isa = PBXFrameworksBuildPhase;
			buildActionMask = 2147483647;
			files = (
				8329BACD24DBD8A7007820E3 /* Macaw in Frameworks */,
				8329BAD024DBDAF8007820E3 /* SwiftSVG in Frameworks */,
			);
			runOnlyForDeploymentPostprocessing = 0;
		};
/* End PBXFrameworksBuildPhase section */

/* Begin PBXGroup section */
		4B4D882241FE9582A92A2B51 /* Frameworks */ = {
			isa = PBXGroup;
			children = (
				25FE93F631E5A834C038DA11 /* Pods_image_bundle.framework */,
			);
			name = Frameworks;
			sourceTree = "<group>";
		};
		8329BAD124DBDCE7007820E3 /* gambarkita */ = {
			isa = PBXGroup;
			children = (
				8329BAD824DBDD25007820E3 /* gambar.svg */,
				8329BAD624DBDD17007820E3 /* gambar.jpg */,
			);
			path = gambarkita;
			sourceTree = "<group>";
		};
		836BBCAE24DBCDE2009C59C2 = {
			isa = PBXGroup;
			children = (
				836BBCB924DBCDE2009C59C2 /* image bundle */,
				836BBCB824DBCDE2009C59C2 /* Products */,
				AAEEA12E9C7EA5D38BD5AD5E /* Pods */,
				4B4D882241FE9582A92A2B51 /* Frameworks */,
			);
			sourceTree = "<group>";
		};
		836BBCB824DBCDE2009C59C2 /* Products */ = {
			isa = PBXGroup;
			children = (
				836BBCB724DBCDE2009C59C2 /* image bundle.app */,
			);
			name = Products;
			sourceTree = "<group>";
		};
		836BBCB924DBCDE2009C59C2 /* image bundle */ = {
			isa = PBXGroup;
			children = (
				8329BAD124DBDCE7007820E3 /* gambarkita */,
				836BBCD724DBCE43009C59C2 /* SVGImage.swift */,
				836BBCBA24DBCDE2009C59C2 /* image_bundleApp.swift */,
				836BBCBC24DBCDE2009C59C2 /* ContentView.swift */,
				836BBCBE24DBCDE3009C59C2 /* Assets.xcassets */,
				836BBCC324DBCDE3009C59C2 /* Info.plist */,
				836BBCC024DBCDE3009C59C2 /* Preview Content */,
			);
			path = "image bundle";
			sourceTree = "<group>";
		};
		836BBCC024DBCDE3009C59C2 /* Preview Content */ = {
			isa = PBXGroup;
			children = (
				836BBCC124DBCDE3009C59C2 /* Preview Assets.xcassets */,
			);
			path = "Preview Content";
			sourceTree = "<group>";
		};
		AAEEA12E9C7EA5D38BD5AD5E /* Pods */ = {
			isa = PBXGroup;
			children = (
				5C3ACB3D3178DBB903369896 /* Pods-image bundle.debug.xcconfig */,
				C31738B78A31F1FA06DECFDB /* Pods-image bundle.release.xcconfig */,
			);
			path = Pods;
			sourceTree = "<group>";
		};
/* End PBXGroup section */

/* Begin PBXNativeTarget section */
		836BBCB624DBCDE2009C59C2 /* image bundle */ = {
			isa = PBXNativeTarget;
			buildConfigurationList = 836BBCC624DBCDE3009C59C2 /* Build configuration list for PBXNativeTarget "image bundle" */;
			buildPhases = (
				71F67C0648D729CA23159E34 /* [CP] Check Pods Manifest.lock */,
				836BBCB324DBCDE2009C59C2 /* Sources */,
				836BBCB424DBCDE2009C59C2 /* Frameworks */,
				836BBCB524DBCDE2009C59C2 /* Resources */,
			);
			buildRules = (
			);
			dependencies = (
			);
			name = "image bundle";
			packageProductDependencies = (
				8329BACC24DBD8A7007820E3 /* Macaw */,
				8329BACF24DBDAF8007820E3 /* SwiftSVG */,
			);
			productName = "image bundle";
			productReference = 836BBCB724DBCDE2009C59C2 /* image bundle.app */;
			productType = "com.apple.product-type.application";
		};
/* End PBXNativeTarget section */

/* Begin PBXProject section */
		836BBCAF24DBCDE2009C59C2 /* Project object */ = {
			isa = PBXProject;
			attributes = {
				LastSwiftUpdateCheck = 1200;
				LastUpgradeCheck = 1200;
				TargetAttributes = {
					836BBCB624DBCDE2009C59C2 = {
						CreatedOnToolsVersion = 12.0;
					};
				};
			};
			buildConfigurationList = 836BBCB224DBCDE2009C59C2 /* Build configuration list for PBXProject "image bundle" */;
			compatibilityVersion = "Xcode 9.3";
			developmentRegion = en;
			hasScannedForEncodings = 0;
			knownRegions = (
				en,
				Base,
			);
			mainGroup = 836BBCAE24DBCDE2009C59C2;
			packageReferences = (
				8329BACB24DBD8A7007820E3 /* XCRemoteSwiftPackageReference "Macaw" */,
				8329BACE24DBDAF8007820E3 /* XCRemoteSwiftPackageReference "SwiftSVG" */,
			);
			productRefGroup = 836BBCB824DBCDE2009C59C2 /* Products */;
			projectDirPath = "";
			projectRoot = "";
			targets = (
				836BBCB624DBCDE2009C59C2 /* image bundle */,
			);
		};
/* End PBXProject section */

/* Begin PBXResourcesBuildPhase section */
		836BBCB524DBCDE2009C59C2 /* Resources */ = {
			isa = PBXResourcesBuildPhase;
			buildActionMask = 2147483647;
			files = (
				836BBCC224DBCDE3009C59C2 /* Preview Assets.xcassets in Resources */,
				8329BAD724DBDD17007820E3 /* gambar.jpg in Resources */,
				8329BAD924DBDD25007820E3 /* gambar.svg in Resources */,
				836BBCBF24DBCDE3009C59C2 /* Assets.xcassets in Resources */,
			);
			runOnlyForDeploymentPostprocessing = 0;
		};
/* End PBXResourcesBuildPhase section */

/* Begin PBXShellScriptBuildPhase section */
		71F67C0648D729CA23159E34 /* [CP] Check Pods Manifest.lock */ = {
			isa = PBXShellScriptBuildPhase;
			buildActionMask = 2147483647;
			files = (
			);
			inputFileListPaths = (
			);
			inputPaths = (
				"${PODS_PODFILE_DIR_PATH}/Podfile.lock",
				"${PODS_ROOT}/Manifest.lock",
			);
			name = "[CP] Check Pods Manifest.lock";
			outputFileListPaths = (
			);
			outputPaths = (
				"$(DERIVED_FILE_DIR)/Pods-image bundle-checkManifestLockResult.txt",
			);
			runOnlyForDeploymentPostprocessing = 0;
			shellPath = /bin/sh;
			shellScript = "diff \"${PODS_PODFILE_DIR_PATH}/Podfile.lock\" \"${PODS_ROOT}/Manifest.lock\" > /dev/null\nif [ $? != 0 ] ; then\n    # print error to STDERR\n    echo \"error: The sandbox is not in sync with the Podfile.lock. Run 'pod install' or update your CocoaPods installation.\" >&2\n    exit 1\nfi\n# This output is used by Xcode 'outputs' to avoid re-running this script phase.\necho \"SUCCESS\" > \"${SCRIPT_OUTPUT_FILE_0}\"\n";
			showEnvVarsInLog = 0;
		};
/* End PBXShellScriptBuildPhase section */

/* Begin PBXSourcesBuildPhase section */
		836BBCB324DBCDE2009C59C2 /* Sources */ = {
			isa = PBXSourcesBuildPhase;
			buildActionMask = 2147483647;
			files = (
				836BBCBD24DBCDE2009C59C2 /* ContentView.swift in Sources */,
				836BBCD824DBCE43009C59C2 /* SVGImage.swift in Sources */,
				836BBCBB24DBCDE2009C59C2 /* image_bundleApp.swift in Sources */,
			);
			runOnlyForDeploymentPostprocessing = 0;
		};
/* End PBXSourcesBuildPhase section */

/* Begin XCBuildConfiguration section */
		836BBCC424DBCDE3009C59C2 /* Debug */ = {
			isa = XCBuildConfiguration;
			buildSettings = {
				ALWAYS_SEARCH_USER_PATHS = NO;
				CLANG_ANALYZER_NONNULL = YES;
				CLANG_ANALYZER_NUMBER_OBJECT_CONVERSION = YES_AGGRESSIVE;
				CLANG_CXX_LANGUAGE_STANDARD = "gnu++14";
				CLANG_CXX_LIBRARY = "libc++";
				CLANG_ENABLE_MODULES = YES;
				CLANG_ENABLE_OBJC_ARC = YES;
				CLANG_ENABLE_OBJC_WEAK = YES;
				CLANG_WARN_BLOCK_CAPTURE_AUTORELEASING = YES;
				CLANG_WARN_BOOL_CONVERSION = YES;
				CLANG_WARN_COMMA = YES;
				CLANG_WARN_CONSTANT_CONVERSION = YES;
				CLANG_WARN_DEPRECATED_OBJC_IMPLEMENTATIONS = YES;
				CLANG_WARN_DIRECT_OBJC_ISA_USAGE = YES_ERROR;
				CLANG_WARN_DOCUMENTATION_COMMENTS = YES;
				CLANG_WARN_EMPTY_BODY = YES;
				CLANG_WARN_ENUM_CONVERSION = YES;
				CLANG_WARN_INFINITE_RECURSION = YES;
				CLANG_WARN_INT_CONVERSION = YES;
				CLANG_WARN_NON_LITERAL_NULL_CONVERSION = YES;
				CLANG_WARN_OBJC_IMPLICIT_RETAIN_SELF = YES;
				CLANG_WARN_OBJC_LITERAL_CONVERSION = YES;
				CLANG_WARN_OBJC_ROOT_CLASS = YES_ERROR;
				CLANG_WARN_QUOTED_INCLUDE_IN_FRAMEWORK_HEADER = YES;
				CLANG_WARN_RANGE_LOOP_ANALYSIS = YES;
				CLANG_WARN_STRICT_PROTOTYPES = YES;
				CLANG_WARN_SUSPICIOUS_MOVE = YES;
				CLANG_WARN_UNGUARDED_AVAILABILITY = YES_AGGRESSIVE;
				CLANG_WARN_UNREACHABLE_CODE = YES;
				CLANG_WARN__DUPLICATE_METHOD_MATCH = YES;
				COPY_PHASE_STRIP = NO;
				DEBUG_INFORMATION_FORMAT = dwarf;
				ENABLE_STRICT_OBJC_MSGSEND = YES;
				ENABLE_TESTABILITY = YES;
				GCC_C_LANGUAGE_STANDARD = gnu11;
				GCC_DYNAMIC_NO_PIC = NO;
				GCC_NO_COMMON_BLOCKS = YES;
				GCC_OPTIMIZATION_LEVEL = 0;
				GCC_PREPROCESSOR_DEFINITIONS = (
					"DEBUG=1",
					"$(inherited)",
				);
				GCC_WARN_64_TO_32_BIT_CONVERSION = YES;
				GCC_WARN_ABOUT_RETURN_TYPE = YES_ERROR;
				GCC_WARN_UNDECLARED_SELECTOR = YES;
				GCC_WARN_UNINITIALIZED_AUTOS = YES_AGGRESSIVE;
				GCC_WARN_UNUSED_FUNCTION = YES;
				GCC_WARN_UNUSED_VARIABLE = YES;
				IPHONEOS_DEPLOYMENT_TARGET = 14.0;
				MTL_ENABLE_DEBUG_INFO = INCLUDE_SOURCE;
				MTL_FAST_MATH = YES;
				ONLY_ACTIVE_ARCH = YES;
				SDKROOT = iphoneos;
				SWIFT_ACTIVE_COMPILATION_CONDITIONS = DEBUG;
				SWIFT_OPTIMIZATION_LEVEL = "-Onone";
			};
			name = Debug;
		};
		836BBCC524DBCDE3009C59C2 /* Release */ = {
			isa = XCBuildConfiguration;
			buildSettings = {
				ALWAYS_SEARCH_USER_PATHS = NO;
				CLANG_ANALYZER_NONNULL = YES;
				CLANG_ANALYZER_NUMBER_OBJECT_CONVERSION = YES_AGGRESSIVE;
				CLANG_CXX_LANGUAGE_STANDARD = "gnu++14";
				CLANG_CXX_LIBRARY = "libc++";
				CLANG_ENABLE_MODULES = YES;
				CLANG_ENABLE_OBJC_ARC = YES;
				CLANG_ENABLE_OBJC_WEAK = YES;
				CLANG_WARN_BLOCK_CAPTURE_AUTORELEASING = YES;
				CLANG_WARN_BOOL_CONVERSION = YES;
				CLANG_WARN_COMMA = YES;
				CLANG_WARN_CONSTANT_CONVERSION = YES;
				CLANG_WARN_DEPRECATED_OBJC_IMPLEMENTATIONS = YES;
				CLANG_WARN_DIRECT_OBJC_ISA_USAGE = YES_ERROR;
				CLANG_WARN_DOCUMENTATION_COMMENTS = YES;
				CLANG_WARN_EMPTY_BODY = YES;
				CLANG_WARN_ENUM_CONVERSION = YES;
				CLANG_WARN_INFINITE_RECURSION = YES;
				CLANG_WARN_INT_CONVERSION = YES;
				CLANG_WARN_NON_LITERAL_NULL_CONVERSION = YES;
				CLANG_WARN_OBJC_IMPLICIT_RETAIN_SELF = YES;
				CLANG_WARN_OBJC_LITERAL_CONVERSION = YES;
				CLANG_WARN_OBJC_ROOT_CLASS = YES_ERROR;
				CLANG_WARN_QUOTED_INCLUDE_IN_FRAMEWORK_HEADER = YES;
				CLANG_WARN_RANGE_LOOP_ANALYSIS = YES;
				CLANG_WARN_STRICT_PROTOTYPES = YES;
				CLANG_WARN_SUSPICIOUS_MOVE = YES;
				CLANG_WARN_UNGUARDED_AVAILABILITY = YES_AGGRESSIVE;
				CLANG_WARN_UNREACHABLE_CODE = YES;
				CLANG_WARN__DUPLICATE_METHOD_MATCH = YES;
				COPY_PHASE_STRIP = NO;
				DEBUG_INFORMATION_FORMAT = "dwarf-with-dsym";
				ENABLE_NS_ASSERTIONS = NO;
				ENABLE_STRICT_OBJC_MSGSEND = YES;
				GCC_C_LANGUAGE_STANDARD = gnu11;
				GCC_NO_COMMON_BLOCKS = YES;
				GCC_WARN_64_TO_32_BIT_CONVERSION = YES;
				GCC_WARN_ABOUT_RETURN_TYPE = YES_ERROR;
				GCC_WARN_UNDECLARED_SELECTOR = YES;
				GCC_WARN_UNINITIALIZED_AUTOS = YES_AGGRESSIVE;
				GCC_WARN_UNUSED_FUNCTION = YES;
				GCC_WARN_UNUSED_VARIABLE = YES;
				IPHONEOS_DEPLOYMENT_TARGET = 14.0;
				MTL_ENABLE_DEBUG_INFO = NO;
				MTL_FAST_MATH = YES;
				SDKROOT = iphoneos;
				SWIFT_COMPILATION_MODE = wholemodule;
				SWIFT_OPTIMIZATION_LEVEL = "-O";
				VALIDATE_PRODUCT = YES;
			};
			name = Release;
		};
		836BBCC724DBCDE3009C59C2 /* Debug */ = {
			isa = XCBuildConfiguration;
			baseConfigurationReference = 5C3ACB3D3178DBB903369896 /* Pods-image bundle.debug.xcconfig */;
			buildSettings = {
				ASSETCATALOG_COMPILER_APPICON_NAME = AppIcon;
				ASSETCATALOG_COMPILER_GLOBAL_ACCENT_COLOR_NAME = AccentColor;
				CODE_SIGN_STYLE = Automatic;
				DEVELOPMENT_ASSET_PATHS = "\"image bundle/Preview Content\"";
				DEVELOPMENT_TEAM = D9X49T6R38;
				ENABLE_PREVIEWS = YES;
				INFOPLIST_FILE = "image bundle/Info.plist";
				IPHONEOS_DEPLOYMENT_TARGET = 14.0;
				LD_RUNPATH_SEARCH_PATHS = (
					"$(inherited)",
					"@executable_path/Frameworks",
				);
				PRODUCT_BUNDLE_IDENTIFIER = "com.takalar.image-bundle";
				PRODUCT_NAME = "$(TARGET_NAME)";
				SWIFT_VERSION = 5.0;
				TARGETED_DEVICE_FAMILY = "1,2";
			};
			name = Debug;
		};
		836BBCC824DBCDE3009C59C2 /* Release */ = {
			isa = XCBuildConfiguration;
			baseConfigurationReference = C31738B78A31F1FA06DECFDB /* Pods-image bundle.release.xcconfig */;
			buildSettings = {
				ASSETCATALOG_COMPILER_APPICON_NAME = AppIcon;
				ASSETCATALOG_COMPILER_GLOBAL_ACCENT_COLOR_NAME = AccentColor;
				CODE_SIGN_STYLE = Automatic;
				DEVELOPMENT_ASSET_PATHS = "\"image bundle/Preview Content\"";
				DEVELOPMENT_TEAM = D9X49T6R38;
				ENABLE_PREVIEWS = YES;
				INFOPLIST_FILE = "image bundle/Info.plist";
				IPHONEOS_DEPLOYMENT_TARGET = 14.0;
				LD_RUNPATH_SEARCH_PATHS = (
					"$(inherited)",
					"@executable_path/Frameworks",
				);
				PRODUCT_BUNDLE_IDENTIFIER = "com.takalar.image-bundle";
				PRODUCT_NAME = "$(TARGET_NAME)";
				SWIFT_VERSION = 5.0;
				TARGETED_DEVICE_FAMILY = "1,2";
			};
			name = Release;
		};
/* End XCBuildConfiguration section */

/* Begin XCConfigurationList section */
		836BBCB224DBCDE2009C59C2 /* Build configuration list for PBXProject "image bundle" */ = {
			isa = XCConfigurationList;
			buildConfigurations = (
				836BBCC424DBCDE3009C59C2 /* Debug */,
				836BBCC524DBCDE3009C59C2 /* Release */,
			);
			defaultConfigurationIsVisible = 0;
			defaultConfigurationName = Release;
		};
		836BBCC624DBCDE3009C59C2 /* Build configuration list for PBXNativeTarget "image bundle" */ = {
			isa = XCConfigurationList;
			buildConfigurations = (
				836BBCC724DBCDE3009C59C2 /* Debug */,
				836BBCC824DBCDE3009C59C2 /* Release */,
			);
			defaultConfigurationIsVisible = 0;
			defaultConfigurationName = Release;
		};
/* End XCConfigurationList section */

/* Begin XCRemoteSwiftPackageReference section */
		8329BACB24DBD8A7007820E3 /* XCRemoteSwiftPackageReference "Macaw" */ = {
			isa = XCRemoteSwiftPackageReference;
			repositoryURL = "https://github.com/exyte/Macaw.git";
			requirement = {
				branch = master;
				kind = branch;
			};
		};
		8329BACE24DBDAF8007820E3 /* XCRemoteSwiftPackageReference "SwiftSVG" */ = {
			isa = XCRemoteSwiftPackageReference;
			repositoryURL = "https://github.com/mchoe/SwiftSVG.git";
			requirement = {
				branch = master;
				kind = branch;
			};
		};
/* End XCRemoteSwiftPackageReference section */

/* Begin XCSwiftPackageProductDependency section */
		8329BACC24DBD8A7007820E3 /* Macaw */ = {
			isa = XCSwiftPackageProductDependency;
			package = 8329BACB24DBD8A7007820E3 /* XCRemoteSwiftPackageReference "Macaw" */;
			productName = Macaw;
		};
		8329BACF24DBDAF8007820E3 /* SwiftSVG */ = {
			isa = XCSwiftPackageProductDependency;
			package = 8329BACE24DBDAF8007820E3 /* XCRemoteSwiftPackageReference "SwiftSVG" */;
			productName = SwiftSVG;
		};
/* End XCSwiftPackageProductDependency section */
	};
	rootObject = 836BBCAF24DBCDE2009C59C2 /* Project object */;
}
